
Microsoft Visual Studio Solution File, Format Version 12.00
# Visual Studio 15
VisualStudioVersion = 15.0.28307.572
MinimumVisualStudioVersion = 10.0.40219.1
Project("{FAE04EC0-301F-11D3-BF4B-00C04F79EFBC}") = "Server-node", "Server-node\Server-node.csproj", "{F8467437-DE09-47AE-BE33-7529F47FEABA}"
EndProject
Global
	GlobalSection(SolutionConfigurationPlatforms) = preSolution
		Debug|Any CPU = Debug|Any CPU
		Release|Any CPU = Release|Any CPU
	EndGlobalSection
	GlobalSection(ProjectConfigurationPlatforms) = postSolution
		{F8467437-DE09-47AE-BE33-7529F47FEABA}.Debug|Any CPU.ActiveCfg = Debug|Any CPU
		{F8467437-DE09-47AE-BE33-7529F47FEABA}.Debug|Any CPU.Build.0 = Debug|Any CPU
		{F8467437-DE09-47AE-BE33-7529F47FEABA}.Release|Any CPU.ActiveCfg = Release|Any CPU
		{F8467437-DE09-47AE-BE33-7529F47FEABA}.Release|Any CPU.Build.0 = Release|Any CPU
	EndGlobalSection
	GlobalSection(SolutionProperties) = preSolution
		HideSolutionNode = FALSE
	EndGlobalSection
	GlobalSection(ExtensibilityGlobals) = postSolution
		SolutionGuid = {713F7BB2-0244-4ED5-984F-8993FA5A6A4C}
	EndGlobalSection
EndGlobal
